
Microsoft Visual Studio Solution File, Format Version 12.00
# Visual Studio Version 17
VisualStudioVersion = 17.0.31903.59
MinimumVisualStudioVersion = 10.0.40219.1
Project("{9A19103F-16F7-4668-BE54-9A1E7A4F7556}") = "Lista1", "Lista1\Lista1.csproj", "{38D759C1-B3DB-436E-8AD9-CE600441A35C}"
EndProject
Project("{9A19103F-16F7-4668-BE54-9A1E7A4F7556}") = "Lista2", "Lista2\Lista2.csproj", "{AA6C05A2-CC9E-4E70-8113-E9E38ACBC6F5}"
EndProject
Project("{9A19103F-16F7-4668-BE54-9A1E7A4F7556}") = "Lista3", "Lista3\Lista3.csproj", "{9CF4F1B3-F3E7-43FA-9DBD-F1229C1E498B}"
EndProject
Project("{9A19103F-16F7-4668-BE54-9A1E7A4F7556}") = "Lista4", "Lista4\Lista4.csproj", "{831B1962-2A4E-48B0-A1A8-E7279805B7EF}"
EndProject
Global
	GlobalSection(SolutionConfigurationPlatforms) = preSolution
		Debug|Any CPU = Debug|Any CPU
		Release|Any CPU = Release|Any CPU
	EndGlobalSection
	GlobalSection(ProjectConfigurationPlatforms) = postSolution
		{38D759C1-B3DB-436E-8AD9-CE600441A35C}.Debug|Any CPU.ActiveCfg = Debug|Any CPU
		{38D759C1-B3DB-436E-8AD9-CE600441A35C}.Debug|Any CPU.Build.0 = Debug|Any CPU
		{38D759C1-B3DB-436E-8AD9-CE600441A35C}.Release|Any CPU.ActiveCfg = Release|Any CPU
		{38D759C1-B3DB-436E-8AD9-CE600441A35C}.Release|Any CPU.Build.0 = Release|Any CPU
		{AA6C05A2-CC9E-4E70-8113-E9E38ACBC6F5}.Debug|Any CPU.ActiveCfg = Debug|Any CPU
		{AA6C05A2-CC9E-4E70-8113-E9E38ACBC6F5}.Debug|Any CPU.Build.0 = Debug|Any CPU
		{AA6C05A2-CC9E-4E70-8113-E9E38ACBC6F5}.Release|Any CPU.ActiveCfg = Release|Any CPU
		{AA6C05A2-CC9E-4E70-8113-E9E38ACBC6F5}.Release|Any CPU.Build.0 = Release|Any CPU
		{9CF4F1B3-F3E7-43FA-9DBD-F1229C1E498B}.Debug|Any CPU.ActiveCfg = Debug|Any CPU
		{9CF4F1B3-F3E7-43FA-9DBD-F1229C1E498B}.Debug|Any CPU.Build.0 = Debug|Any CPU
		{9CF4F1B3-F3E7-43FA-9DBD-F1229C1E498B}.Release|Any CPU.ActiveCfg = Release|Any CPU
		{9CF4F1B3-F3E7-43FA-9DBD-F1229C1E498B}.Release|Any CPU.Build.0 = Release|Any CPU
		{831B1962-2A4E-48B0-A1A8-E7279805B7EF}.Debug|Any CPU.ActiveCfg = Debug|Any CPU
		{831B1962-2A4E-48B0-A1A8-E7279805B7EF}.Debug|Any CPU.Build.0 = Debug|Any CPU
		{831B1962-2A4E-48B0-A1A8-E7279805B7EF}.Release|Any CPU.ActiveCfg = Release|Any CPU
		{831B1962-2A4E-48B0-A1A8-E7279805B7EF}.Release|Any CPU.Build.0 = Release|Any CPU
	EndGlobalSection
	GlobalSection(SolutionProperties) = preSolution
		HideSolutionNode = FALSE
	EndGlobalSection
	GlobalSection(ExtensibilityGlobals) = postSolution
		SolutionGuid = {0AC3B5E5-0075-4A7E-B078-3E146709FB9A}
	EndGlobalSection
EndGlobal
